<?xml version="1.0" encoding="utf-8"?>
<Project ToolsVersion="4.0" xmlns="http://schemas.microsoft.com/developer/msbuild/2003">
  <ItemGroup>
    <Filter Include="Source Files">
      <UniqueIdentifier>{4FC737F1-C7A5-4376-A066-2A32D752A2FF}</UniqueIdentifier>
      <Extensions>cpp;c;cc;cxx;def;odl;idl;hpj;bat;asm;asmx</Extensions>
    </Filter>
    <Filter Include="Header Files">
      <UniqueIdentifier>{93995380-89BD-4b04-88EB-625FBE52EBFB}</UniqueIdentifier>
      <Extensions>h;hh;hpp;hxx;hm;inl;inc;xsd</Extensions>
    </Filter>
    <Filter Include="Resource Files">
      <UniqueIdentifier>{67DA6AB6-F800-4c08-8B7A-83BB121AAD01}</UniqueIdentifier>
      <Extensions>qrc;rc;ico;cur;bmp;dlg;rc2;rct;bin;rgs;gif;jpg;jpeg;jpe;resx;tiff;tif;png;wav;mfcribbon-ms</Extensions>
    </Filter>
    <Filter Include="Translation Files">
      <UniqueIdentifier>{639EADAA-A684-42e4-A9AD-28FC9BCB8F7C}</UniqueIdentifier>
      <Extensions>ts</Extensions>
    </Filter>
    <Filter Include="Sources Bibliotheques">
      <UniqueIdentifier>{68ace6f3-7624-4063-b7e8-0b2c755fbfc8}</UniqueIdentifier>
    </Filter>
  </ItemGroup>
  <ItemGroup>
    <ClCompile Include="main.cpp">
      <Filter>Source Files</Filter>
    </ClCompile>
    <ClCompile Include="bibliotheque_cours\bibliotheque_cours.cpp">
      <Filter>Sources Bibliotheques</Filter>
    </ClCompile>
    <ClCompile Include="bibliotheque_cours\verification_allocation.cpp">
      <Filter>Sources Bibliotheques</Filter>
    </ClCompile>
    <ClCompile Include="googletest\src\gtest-all.cc">
      <Filter>Sources Bibliotheques</Filter>
    </ClCompile>
    <ClCompile Include="ViewChecker.cpp">
      <Filter>Source Files</Filter>
    </ClCompile>
    <ClCompile Include="ModelChecker.cpp">
      <Filter>Source Files</Filter>
    </ClCompile>
    <ClCompile Include="ModelSquare.cpp">
      <Filter>Source Files</Filter>
    </ClCompile>
    <ClCompile Include="ViewSquare.cpp">
      <Filter>Source Files</Filter>
    </ClCompile>
    <ClCompile Include="ModelPiece.cpp">
      <Filter>Source Files</Filter>
    </ClCompile>
    <ClCompile Include="ModelQueenPiece.cpp">
      <Filter>Source Files</Filter>
    </ClCompile>
    <ClCompile Include="ModelBishopPiece.cpp">
      <Filter>Source Files</Filter>
    </ClCompile>
    <ClCompile Include="ModelKingPiece.cpp">
      <Filter>Source Files</Filter>
    </ClCompile>
    <ClCompile Include="ModelKnighPiece.cpp">
      <Filter>Source Files</Filter>
    </ClCompile>
    <ClCompile Include="ModelPawnPiece.cpp">
      <Filter>Source Files</Filter>
    </ClCompile>
    <ClCompile Include="TempModelSquare.cpp">
      <Filter>Source Files</Filter>
    </ClCompile>
    <ClCompile Include="GameController.cpp">
      <Filter>Source Files</Filter>
    </ClCompile>
    <ClCompile Include="BishopMoves.cpp">
      <Filter>Source Files</Filter>
    </ClCompile>
    <ClCompile Include="KingMoves.cpp">
      <Filter>Source Files</Filter>
    </ClCompile>
    <ClCompile Include="KnightMoves.cpp">
      <Filter>Source Files</Filter>
    </ClCompile>
    <ClCompile Include="ModelRook.cpp">
      <Filter>Source Files</Filter>
    </ClCompile>
    <ClCompile Include="PawnMoves.cpp">
      <Filter>Source Files</Filter>
    </ClCompile>
    <ClCompile Include="RookMoves.cpp">
      <Filter>Source Files</Filter>
    </ClCompile>
    <ClCompile Include="Test.cpp">
      <Filter>Source Files</Filter>
    </ClCompile>
    <ClCompile Include="SelectPieceCommand.cpp">
      <Filter>Source Files</Filter>
    </ClCompile>
    <ClCompile Include="MovePieceCommand.cpp">
      <Filter>Source Files</Filter>
    </ClCompile>
    <ClCompile Include="CommandsInvoker.cpp">
      <Filter>Source Files</Filter>
    </ClCompile>
    <ClCompile Include="GameTurn.cpp">
      <Filter>Source Files</Filter>
    </ClCompile>
    <ClCompile Include="WhiteTurn.cpp">
      <Filter>Source Files</Filter>
    </ClCompile>
    <ClCompile Include="BlackTurn.cpp">
      <Filter>Source Files</Filter>
    </ClCompile>
    <ClCompile Include="Checkmate.cpp">
      <Filter>Source Files</Filter>
    </ClCompile>
  </ItemGroup>
  <ItemGroup>
    <QtMoc Include="ViewCheckerMainWindow.h">
      <Filter>Header Files</Filter>
    </QtMoc>
    <QtMoc Include="ViewSquareLabel.h">
      <Filter>Header Files</Filter>
    </QtMoc>
    <QtMoc Include="ModelSquare.h">
      <Filter>Header Files</Filter>
    </QtMoc>
    <QtMoc Include="ModelPiece.h">
      <Filter>Header Files</Filter>
    </QtMoc>
    <QtMoc Include="ModelChecker.h">
      <Filter>Header Files</Filter>
    </QtMoc>
  </ItemGroup>
  <ItemGroup>
    <ClInclude Include="ModelQueenPiece.h">
      <Filter>Header Files</Filter>
    </ClInclude>
    <ClInclude Include="ModelBishopPiece.h">
      <Filter>Header Files</Filter>
    </ClInclude>
    <ClInclude Include="ModelKingPiece.h">
      <Filter>Header Files</Filter>
    </ClInclude>
    <ClInclude Include="ModelKnightPiece.h">
      <Filter>Header Files</Filter>
    </ClInclude>
    <ClInclude Include="ModelPawnPiece.h">
      <Filter>Header Files</Filter>
    </ClInclude>
    <ClInclude Include="TempModelSquare.h">
      <Filter>Header Files</Filter>
    </ClInclude>
    <ClInclude Include="State.h">
      <Filter>Header Files</Filter>
    </ClInclude>
    <ClInclude Include="BishopMoves.h">
      <Filter>Header Files</Filter>
    </ClInclude>
    <ClInclude Include="KingMoves.h">
      <Filter>Header Files</Filter>
    </ClInclude>
    <ClInclude Include="KnightMoves.h">
      <Filter>Header Files</Filter>
    </ClInclude>
    <ClInclude Include="ModelRook.h">
      <Filter>Header Files</Filter>
    </ClInclude>
    <ClInclude Include="PawnMoves.h">
      <Filter>Header Files</Filter>
    </ClInclude>
    <ClInclude Include="RookMoves.h">
      <Filter>Header Files</Filter>
    </ClInclude>
    <ClInclude Include="ValidMovesCalculator.h">
      <Filter>Header Files</Filter>
    </ClInclude>
    <ClInclude Include="Command.h">
      <Filter>Header Files</Filter>
    </ClInclude>
    <ClInclude Include="SelectPieceCommand.h">
      <Filter>Header Files</Filter>
    </ClInclude>
    <ClInclude Include="MovePieceCommand.h">
      <Filter>Header Files</Filter>
    </ClInclude>
    <ClInclude Include="CommandsInvoker.h">
      <Filter>Header Files</Filter>
    </ClInclude>
    <ClInclude Include="GameTurn.h">
      <Filter>Header Files</Filter>
    </ClInclude>
    <ClInclude Include="WhiteTurn.h">
      <Filter>Header Files</Filter>
    </ClInclude>
    <ClInclude Include="BlackTurn.h">
      <Filter>Header Files</Filter>
    </ClInclude>
    <ClInclude Include="Checkmate.h">
      <Filter>Header Files</Filter>
    </ClInclude>
  </ItemGroup>
</Project>